{
  "name": "cms-documentation",
  "version": "1.0.0",
  "lockfileVersion": 3,
  "requires": true,
  "packages": {
    "": {
      "name": "cms-documentation",
      "version": "1.0.0",
      "license": "ISC",
      "dependencies": {
        "retypeapp": "^3.0.0"
      }
    },
    "node_modules/retypeapp": {
      "version": "3.0.0",
      "resolved": "https://registry.npmjs.org/retypeapp/-/retypeapp-3.0.0.tgz",
      "integrity": "sha512-qbnLmon/X0gi+7ijLARJ6U0r4Quu9h96x4nU+LWahUdAhjLF9vWsi6JCefWpxs9q/IBf7KGZfBYlv2oE7xKutQ==",
      "bin": {
        "retype": "retype.js"
      }
    }
  }
}
