{
  "name": "cms-documentation",
  "version": "1.0.0",
  "lockfileVersion": 3,
  "requires": true,
  "packages": {
    "": {
      "name": "cms-documentation",
      "version": "1.0.0",
      "license": "ISC",
      "dependencies": {
        "retypeapp": "^1.11.2"
      },
      "devDependencies": {}
    },
    "node_modules/retypeapp": {
      "version": "1.11.2",
      "resolved": "https://registry.npmjs.org/retypeapp/-/retypeapp-1.11.2.tgz",
      "integrity": "sha512-aHFjZ0+XiULjHXB8QyqIrzjDWw9SgJmRGznTnGRLwYVz2DjyLpgXb8tYBtEAvX8r/cn9FdmOGiwoyDYP9BXUng==",
      "bin": {
        "retype": "retype.js"
      }
    }
  }
}
