{
  "name": "cms-documentation",
  "version": "1.0.0",
  "lockfileVersion": 3,
  "requires": true,
  "packages": {
    "": {
      "name": "cms-documentation",
      "version": "1.0.0",
      "license": "ISC",
      "dependencies": {
        "retypeapp": "^3.8.0"
      }
    },
    "node_modules/retypeapp": {
      "version": "3.8.0",
      "resolved": "https://registry.npmjs.org/retypeapp/-/retypeapp-3.8.0.tgz",
      "integrity": "sha512-GlxvAi5GVGJjYQlCbM2WIIaoN+juHWZWaIbz0QUU8Uvmg+3syI7AEH/l3IFtP60fXHboD1EKt8JGswrgK3LHbg==",
      "license": "See LICENSE IN LICENSE",
      "bin": {
        "retype": "retype.js"
      }
    }
  }
}
